{
  "name": "personal website",
  "lockfileVersion": 3,
  "requires": true,
  "packages": {
    "": {
      "dependencies": {
        "7.css": "^0.18.0"
      }
    },
    "node_modules/7.css": {
      "version": "0.18.0",
      "resolved": "https://registry.npmjs.org/7.css/-/7.css-0.18.0.tgz",
      "integrity": "sha512-ktzhtzxZt6n4amPnF24HS25B3Xns+lpslhPmTPDnIsipCE1hQLBplJxqodJxYhvxnqRf8j4ExAnBRwa16r5n/A=="
    }
  }
}
